
Microsoft Visual Studio Solution File, Format Version 12.00
# Visual Studio Version 17
VisualStudioVersion = 17.11.35222.181
MinimumVisualStudioVersion = 10.0.40219.1
Project("{FAE04EC0-301F-11D3-BF4B-00C04F79EFBC}") = "Employee Portal", "Employee Portal\Employee Portal.csproj", "{2B62EBAF-203B-4BA2-ABF9-E8CF8F917519}"
EndProject
Global
	GlobalSection(SolutionConfigurationPlatforms) = preSolution
		Debug|Any CPU = Debug|Any CPU
		Release|Any CPU = Release|Any CPU
	EndGlobalSection
	GlobalSection(ProjectConfigurationPlatforms) = postSolution
		{2B62EBAF-203B-4BA2-ABF9-E8CF8F917519}.Debug|Any CPU.ActiveCfg = Debug|Any CPU
		{2B62EBAF-203B-4BA2-ABF9-E8CF8F917519}.Debug|Any CPU.Build.0 = Debug|Any CPU
		{2B62EBAF-203B-4BA2-ABF9-E8CF8F917519}.Release|Any CPU.ActiveCfg = Release|Any CPU
		{2B62EBAF-203B-4BA2-ABF9-E8CF8F917519}.Release|Any CPU.Build.0 = Release|Any CPU
	EndGlobalSection
	GlobalSection(SolutionProperties) = preSolution
		HideSolutionNode = FALSE
	EndGlobalSection
	GlobalSection(ExtensibilityGlobals) = postSolution
		SolutionGuid = {C3919298-25A0-4B31-B349-24DF5306A580}
	EndGlobalSection
EndGlobal
